{
  "name": "voicebook-app",
  "version": "1.0.0",
  "lockfileVersion": 2,
  "requires": true,
  "packages": {
    "": {
      "name": "voicebook-app",
      "version": "1.0.0",
      "devDependencies": {
        "@capacitor/android": "^5.0.0",
        "@capacitor/cli": "^5.0.0"
      }
    }
  },
  "dependencies": {
    "@capacitor/android": {
      "version": "5.5.1"
    },
    "@capacitor/cli": {
      "version": "5.5.1"
    }
  }
}
